
Microsoft Visual Studio Solution File, Format Version 12.00
# Visual Studio Version 16
VisualStudioVersion = 16.0.31019.35
MinimumVisualStudioVersion = 10.0.40219.1
Project("{FAE04EC0-301F-11D3-BF4B-00C04F79EFBC}") = "Warehouse", "Warehouse\Warehouse.csproj", "{ECFCB53C-6744-48E7-A03A-5FF424DB6B4F}"
EndProject
Global
	GlobalSection(SolutionConfigurationPlatforms) = preSolution
		Debug|Any CPU = Debug|Any CPU
		Release|Any CPU = Release|Any CPU
	EndGlobalSection
	GlobalSection(ProjectConfigurationPlatforms) = postSolution
		{ECFCB53C-6744-48E7-A03A-5FF424DB6B4F}.Debug|Any CPU.ActiveCfg = Debug|Any CPU
		{ECFCB53C-6744-48E7-A03A-5FF424DB6B4F}.Debug|Any CPU.Build.0 = Debug|Any CPU
		{ECFCB53C-6744-48E7-A03A-5FF424DB6B4F}.Release|Any CPU.ActiveCfg = Release|Any CPU
		{ECFCB53C-6744-48E7-A03A-5FF424DB6B4F}.Release|Any CPU.Build.0 = Release|Any CPU
	EndGlobalSection
	GlobalSection(SolutionProperties) = preSolution
		HideSolutionNode = FALSE
	EndGlobalSection
	GlobalSection(ExtensibilityGlobals) = postSolution
		SolutionGuid = {AC7207D7-90B7-4781-A292-82B7AB250566}
	EndGlobalSection
EndGlobal
